
Microsoft Visual Studio Solution File, Format Version 12.00
# Visual Studio 15
VisualStudioVersion = 15.0.26730.16
MinimumVisualStudioVersion = 10.0.40219.1
Project("{FAE04EC0-301F-11D3-BF4B-00C04F79EFBC}") = "ostViewIn3D_2015", "ostViewIn3D_2015\ostViewIn3D_2015.csproj", "{8355A9E8-BE41-4C14-A025-5905F87A13B9}"
EndProject
Project("{FAE04EC0-301F-11D3-BF4B-00C04F79EFBC}") = "ostViewIn3D_2016", "ostViewIn3D_2016\ostViewIn3D_2016.csproj", "{6B062C4D-E537-42DC-9D71-015071C35F46}"
EndProject
Project("{FAE04EC0-301F-11D3-BF4B-00C04F79EFBC}") = "ostViewIn3D_2017", "ostViewIn3D_2017\ostViewIn3D_2017.csproj", "{B5B1A2F3-20AF-4A4B-884D-ADC18A5BC2AE}"
EndProject
Project("{FAE04EC0-301F-11D3-BF4B-00C04F79EFBC}") = "ostViewIn3D_2018", "ostViewIn3D_2018\ostViewIn3D_2018.csproj", "{439251EB-0C92-48D0-8624-6C2B36479DB2}"
EndProject
Global
	GlobalSection(SolutionConfigurationPlatforms) = preSolution
		Debug|Any CPU = Debug|Any CPU
		Release|Any CPU = Release|Any CPU
	EndGlobalSection
	GlobalSection(ProjectConfigurationPlatforms) = postSolution
		{8355A9E8-BE41-4C14-A025-5905F87A13B9}.Debug|Any CPU.ActiveCfg = Debug|Any CPU
		{8355A9E8-BE41-4C14-A025-5905F87A13B9}.Debug|Any CPU.Build.0 = Debug|Any CPU
		{8355A9E8-BE41-4C14-A025-5905F87A13B9}.Release|Any CPU.ActiveCfg = Release|Any CPU
		{8355A9E8-BE41-4C14-A025-5905F87A13B9}.Release|Any CPU.Build.0 = Release|Any CPU
		{6B062C4D-E537-42DC-9D71-015071C35F46}.Debug|Any CPU.ActiveCfg = Debug|Any CPU
		{6B062C4D-E537-42DC-9D71-015071C35F46}.Debug|Any CPU.Build.0 = Debug|Any CPU
		{6B062C4D-E537-42DC-9D71-015071C35F46}.Release|Any CPU.ActiveCfg = Release|Any CPU
		{6B062C4D-E537-42DC-9D71-015071C35F46}.Release|Any CPU.Build.0 = Release|Any CPU
		{B5B1A2F3-20AF-4A4B-884D-ADC18A5BC2AE}.Debug|Any CPU.ActiveCfg = Debug|Any CPU
		{B5B1A2F3-20AF-4A4B-884D-ADC18A5BC2AE}.Debug|Any CPU.Build.0 = Debug|Any CPU
		{B5B1A2F3-20AF-4A4B-884D-ADC18A5BC2AE}.Release|Any CPU.ActiveCfg = Release|Any CPU
		{B5B1A2F3-20AF-4A4B-884D-ADC18A5BC2AE}.Release|Any CPU.Build.0 = Release|Any CPU
		{439251EB-0C92-48D0-8624-6C2B36479DB2}.Debug|Any CPU.ActiveCfg = Debug|Any CPU
		{439251EB-0C92-48D0-8624-6C2B36479DB2}.Debug|Any CPU.Build.0 = Debug|Any CPU
		{439251EB-0C92-48D0-8624-6C2B36479DB2}.Release|Any CPU.ActiveCfg = Release|Any CPU
		{439251EB-0C92-48D0-8624-6C2B36479DB2}.Release|Any CPU.Build.0 = Release|Any CPU
	EndGlobalSection
	GlobalSection(SolutionProperties) = preSolution
		HideSolutionNode = FALSE
	EndGlobalSection
	GlobalSection(ExtensibilityGlobals) = postSolution
		SolutionGuid = {E0E0E2F0-A30A-466A-AFC4-0154237413D1}
	EndGlobalSection
EndGlobal
